
Microsoft Visual Studio Solution File, Format Version 12.00
# Visual Studio 15
VisualStudioVersion = 15.0.28010.2050
MinimumVisualStudioVersion = 10.0.40219.1
Project("{FAE04EC0-301F-11D3-BF4B-00C04F79EFBC}") = "CapstoneProject.Android", "CapstoneProject\CapstoneProject.Android\CapstoneProject.Android.csproj", "{6645E264-F974-4259-B3AC-BFC4B0DD2780}"
EndProject
Project("{FAE04EC0-301F-11D3-BF4B-00C04F79EFBC}") = "CapstoneProject.iOS", "CapstoneProject\CapstoneProject.iOS\CapstoneProject.iOS.csproj", "{33D1A964-3C51-4B21-93C9-7BB7251C1121}"
EndProject
Project("{FAE04EC0-301F-11D3-BF4B-00C04F79EFBC}") = "CapstoneProject.UWP", "CapstoneProject\CapstoneProject.UWP\CapstoneProject.UWP.csproj", "{04F23907-BC83-4099-9270-7BA0279A672B}"
EndProject
Project("{FAE04EC0-301F-11D3-BF4B-00C04F79EFBC}") = "CapstoneProject", "CapstoneProject\CapstoneProject\CapstoneProject.csproj", "{B02F5FDF-BC0C-4ECA-B66D-E47FD19E9B06}"
EndProject
Global
	GlobalSection(SolutionConfigurationPlatforms) = preSolution
		Ad-Hoc|Any CPU = Ad-Hoc|Any CPU
		Ad-Hoc|ARM = Ad-Hoc|ARM
		Ad-Hoc|iPhone = Ad-Hoc|iPhone
		Ad-Hoc|iPhoneSimulator = Ad-Hoc|iPhoneSimulator
		Ad-Hoc|x64 = Ad-Hoc|x64
		Ad-Hoc|x86 = Ad-Hoc|x86
		AppStore|Any CPU = AppStore|Any CPU
		AppStore|ARM = AppStore|ARM
		AppStore|iPhone = AppStore|iPhone
		AppStore|iPhoneSimulator = AppStore|iPhoneSimulator
		AppStore|x64 = AppStore|x64
		AppStore|x86 = AppStore|x86
		Debug|Any CPU = Debug|Any CPU
		Debug|ARM = Debug|ARM
		Debug|iPhone = Debug|iPhone
		Debug|iPhoneSimulator = Debug|iPhoneSimulator
		Debug|x64 = Debug|x64
		Debug|x86 = Debug|x86
		Release|Any CPU = Release|Any CPU
		Release|ARM = Release|ARM
		Release|iPhone = Release|iPhone
		Release|iPhoneSimulator = Release|iPhoneSimulator
		Release|x64 = Release|x64
		Release|x86 = Release|x86
	EndGlobalSection
	GlobalSection(ProjectConfigurationPlatforms) = postSolution
		{6645E264-F974-4259-B3AC-BFC4B0DD2780}.Ad-Hoc|Any CPU.ActiveCfg = Release|Any CPU
		{6645E264-F974-4259-B3AC-BFC4B0DD2780}.Ad-Hoc|Any CPU.Build.0 = Release|Any CPU
		{6645E264-F974-4259-B3AC-BFC4B0DD2780}.Ad-Hoc|Any CPU.Deploy.0 = Release|Any CPU
		{6645E264-F974-4259-B3AC-BFC4B0DD2780}.Ad-Hoc|ARM.ActiveCfg = Release|Any CPU
		{6645E264-F974-4259-B3AC-BFC4B0DD2780}.Ad-Hoc|ARM.Build.0 = Release|Any CPU
		{6645E264-F974-4259-B3AC-BFC4B0DD2780}.Ad-Hoc|ARM.Deploy.0 = Release|Any CPU
		{6645E264-F974-4259-B3AC-BFC4B0DD2780}.Ad-Hoc|iPhone.ActiveCfg = Release|Any CPU
		{6645E264-F974-4259-B3AC-BFC4B0DD2780}.Ad-Hoc|iPhone.Build.0 = Release|Any CPU
		{6645E264-F974-4259-B3AC-BFC4B0DD2780}.Ad-Hoc|iPhone.Deploy.0 = Release|Any CPU
		{6645E264-F974-4259-B3AC-BFC4B0DD2780}.Ad-Hoc|iPhoneSimulator.ActiveCfg = Release|Any CPU
		{6645E264-F974-4259-B3AC-BFC4B0DD2780}.Ad-Hoc|iPhoneSimulator.Build.0 = Release|Any CPU
		{6645E264-F974-4259-B3AC-BFC4B0DD2780}.Ad-Hoc|iPhoneSimulator.Deploy.0 = Release|Any CPU
		{6645E264-F974-4259-B3AC-BFC4B0DD2780}.Ad-Hoc|x64.ActiveCfg = Release|Any CPU
		{6645E264-F974-4259-B3AC-BFC4B0DD2780}.Ad-Hoc|x64.Build.0 = Release|Any CPU
		{6645E264-F974-4259-B3AC-BFC4B0DD2780}.Ad-Hoc|x64.Deploy.0 = Release|Any CPU
		{6645E264-F974-4259-B3AC-BFC4B0DD2780}.Ad-Hoc|x86.ActiveCfg = Release|Any CPU
		{6645E264-F974-4259-B3AC-BFC4B0DD2780}.Ad-Hoc|x86.Build.0 = Release|Any CPU
		{6645E264-F974-4259-B3AC-BFC4B0DD2780}.Ad-Hoc|x86.Deploy.0 = Release|Any CPU
		{6645E264-F974-4259-B3AC-BFC4B0DD2780}.AppStore|Any CPU.ActiveCfg = Release|Any CPU
		{6645E264-F974-4259-B3AC-BFC4B0DD2780}.AppStore|Any CPU.Build.0 = Release|Any CPU
		{6645E264-F974-4259-B3AC-BFC4B0DD2780}.AppStore|Any CPU.Deploy.0 = Release|Any CPU
		{6645E264-F974-4259-B3AC-BFC4B0DD2780}.AppStore|ARM.ActiveCfg = Release|Any CPU
		{6645E264-F974-4259-B3AC-BFC4B0DD2780}.AppStore|ARM.Build.0 = Release|Any CPU
		{6645E264-F974-4259-B3AC-BFC4B0DD2780}.AppStore|ARM.Deploy.0 = Release|Any CPU
		{6645E264-F974-4259-B3AC-BFC4B0DD2780}.AppStore|iPhone.ActiveCfg = Release|Any CPU
		{6645E264-F974-4259-B3AC-BFC4B0DD2780}.AppStore|iPhone.Build.0 = Release|Any CPU
		{6645E264-F974-4259-B3AC-BFC4B0DD2780}.AppStore|iPhone.Deploy.0 = Release|Any CPU
		{6645E264-F974-4259-B3AC-BFC4B0DD2780}.AppStore|iPhoneSimulator.ActiveCfg = Release|Any CPU
		{6645E264-F974-4259-B3AC-BFC4B0DD2780}.AppStore|iPhoneSimulator.Build.0 = Release|Any CPU
		{6645E264-F974-4259-B3AC-BFC4B0DD2780}.AppStore|iPhoneSimulator.Deploy.0 = Release|Any CPU
		{6645E264-F974-4259-B3AC-BFC4B0DD2780}.AppStore|x64.ActiveCfg = Release|Any CPU
		{6645E264-F974-4259-B3AC-BFC4B0DD2780}.AppStore|x64.Build.0 = Release|Any CPU
		{6645E264-F974-4259-B3AC-BFC4B0DD2780}.AppStore|x64.Deploy.0 = Release|Any CPU
		{6645E264-F974-4259-B3AC-BFC4B0DD2780}.AppStore|x86.ActiveCfg = Release|Any CPU
		{6645E264-F974-4259-B3AC-BFC4B0DD2780}.AppStore|x86.Build.0 = Release|Any CPU
		{6645E264-F974-4259-B3AC-BFC4B0DD2780}.AppStore|x86.Deploy.0 = Release|Any CPU
		{6645E264-F974-4259-B3AC-BFC4B0DD2780}.Debug|Any CPU.ActiveCfg = Debug|Any CPU
		{6645E264-F974-4259-B3AC-BFC4B0DD2780}.Debug|Any CPU.Build.0 = Debug|Any CPU
		{6645E264-F974-4259-B3AC-BFC4B0DD2780}.Debug|Any CPU.Deploy.0 = Debug|Any CPU
		{6645E264-F974-4259-B3AC-BFC4B0DD2780}.Debug|ARM.ActiveCfg = Debug|Any CPU
		{6645E264-F974-4259-B3AC-BFC4B0DD2780}.Debug|ARM.Build.0 = Debug|Any CPU
		{6645E264-F974-4259-B3AC-BFC4B0DD2780}.Debug|ARM.Deploy.0 = Debug|Any CPU
		{6645E264-F974-4259-B3AC-BFC4B0DD2780}.Debug|iPhone.ActiveCfg = Debug|Any CPU
		{6645E264-F974-4259-B3AC-BFC4B0DD2780}.Debug|iPhone.Build.0 = Debug|Any CPU
		{6645E264-F974-4259-B3AC-BFC4B0DD2780}.Debug|iPhone.Deploy.0 = Debug|Any CPU
		{6645E264-F974-4259-B3AC-BFC4B0DD2780}.Debug|iPhoneSimulator.ActiveCfg = Debug|Any CPU
		{6645E264-F974-4259-B3AC-BFC4B0DD2780}.Debug|iPhoneSimulator.Build.0 = Debug|Any CPU
		{6645E264-F974-4259-B3AC-BFC4B0DD2780}.Debug|iPhoneSimulator.Deploy.0 = Debug|Any CPU
		{6645E264-F974-4259-B3AC-BFC4B0DD2780}.Debug|x64.ActiveCfg = Debug|Any CPU
		{6645E264-F974-4259-B3AC-BFC4B0DD2780}.Debug|x64.Build.0 = Debug|Any CPU
		{6645E264-F974-4259-B3AC-BFC4B0DD2780}.Debug|x64.Deploy.0 = Debug|Any CPU
		{6645E264-F974-4259-B3AC-BFC4B0DD2780}.Debug|x86.ActiveCfg = Debug|Any CPU
		{6645E264-F974-4259-B3AC-BFC4B0DD2780}.Debug|x86.Build.0 = Debug|Any CPU
		{6645E264-F974-4259-B3AC-BFC4B0DD2780}.Debug|x86.Deploy.0 = Debug|Any CPU
		{6645E264-F974-4259-B3AC-BFC4B0DD2780}.Release|Any CPU.ActiveCfg = Release|Any CPU
		{6645E264-F974-4259-B3AC-BFC4B0DD2780}.Release|Any CPU.Build.0 = Release|Any CPU
		{6645E264-F974-4259-B3AC-BFC4B0DD2780}.Release|Any CPU.Deploy.0 = Release|Any CPU
		{6645E264-F974-4259-B3AC-BFC4B0DD2780}.Release|ARM.ActiveCfg = Release|Any CPU
		{6645E264-F974-4259-B3AC-BFC4B0DD2780}.Release|ARM.Build.0 = Release|Any CPU
		{6645E264-F974-4259-B3AC-BFC4B0DD2780}.Release|ARM.Deploy.0 = Release|Any CPU
		{6645E264-F974-4259-B3AC-BFC4B0DD2780}.Release|iPhone.ActiveCfg = Release|Any CPU
		{6645E264-F974-4259-B3AC-BFC4B0DD2780}.Release|iPhone.Build.0 = Release|Any CPU
		{6645E264-F974-4259-B3AC-BFC4B0DD2780}.Release|iPhone.Deploy.0 = Release|Any CPU
		{6645E264-F974-4259-B3AC-BFC4B0DD2780}.Release|iPhoneSimulator.ActiveCfg = Release|Any CPU
		{6645E264-F974-4259-B3AC-BFC4B0DD2780}.Release|iPhoneSimulator.Build.0 = Release|Any CPU
		{6645E264-F974-4259-B3AC-BFC4B0DD2780}.Release|iPhoneSimulator.Deploy.0 = Release|Any CPU
		{6645E264-F974-4259-B3AC-BFC4B0DD2780}.Release|x64.ActiveCfg = Release|Any CPU
		{6645E264-F974-4259-B3AC-BFC4B0DD2780}.Release|x64.Build.0 = Release|Any CPU
		{6645E264-F974-4259-B3AC-BFC4B0DD2780}.Release|x64.Deploy.0 = Release|Any CPU
		{6645E264-F974-4259-B3AC-BFC4B0DD2780}.Release|x86.ActiveCfg = Release|Any CPU
		{6645E264-F974-4259-B3AC-BFC4B0DD2780}.Release|x86.Build.0 = Release|Any CPU
		{6645E264-F974-4259-B3AC-BFC4B0DD2780}.Release|x86.Deploy.0 = Release|Any CPU
		{33D1A964-3C51-4B21-93C9-7BB7251C1121}.Ad-Hoc|Any CPU.ActiveCfg = Ad-Hoc|iPhone
		{33D1A964-3C51-4B21-93C9-7BB7251C1121}.Ad-Hoc|Any CPU.Build.0 = Ad-Hoc|iPhone
		{33D1A964-3C51-4B21-93C9-7BB7251C1121}.Ad-Hoc|Any CPU.Deploy.0 = Ad-Hoc|iPhone
		{33D1A964-3C51-4B21-93C9-7BB7251C1121}.Ad-Hoc|ARM.ActiveCfg = Ad-Hoc|iPhone
		{33D1A964-3C51-4B21-93C9-7BB7251C1121}.Ad-Hoc|ARM.Build.0 = Ad-Hoc|iPhone
		{33D1A964-3C51-4B21-93C9-7BB7251C1121}.Ad-Hoc|ARM.Deploy.0 = Ad-Hoc|iPhone
		{33D1A964-3C51-4B21-93C9-7BB7251C1121}.Ad-Hoc|iPhone.ActiveCfg = Ad-Hoc|iPhone
		{33D1A964-3C51-4B21-93C9-7BB7251C1121}.Ad-Hoc|iPhone.Build.0 = Ad-Hoc|iPhone
		{33D1A964-3C51-4B21-93C9-7BB7251C1121}.Ad-Hoc|iPhone.Deploy.0 = Ad-Hoc|iPhone
		{33D1A964-3C51-4B21-93C9-7BB7251C1121}.Ad-Hoc|iPhoneSimulator.ActiveCfg = Ad-Hoc|iPhoneSimulator
		{33D1A964-3C51-4B21-93C9-7BB7251C1121}.Ad-Hoc|iPhoneSimulator.Build.0 = Ad-Hoc|iPhoneSimulator
		{33D1A964-3C51-4B21-93C9-7BB7251C1121}.Ad-Hoc|iPhoneSimulator.Deploy.0 = Ad-Hoc|iPhoneSimulator
		{33D1A964-3C51-4B21-93C9-7BB7251C1121}.Ad-Hoc|x64.ActiveCfg = Ad-Hoc|iPhone
		{33D1A964-3C51-4B21-93C9-7BB7251C1121}.Ad-Hoc|x64.Build.0 = Ad-Hoc|iPhone
		{33D1A964-3C51-4B21-93C9-7BB7251C1121}.Ad-Hoc|x64.Deploy.0 = Ad-Hoc|iPhone
		{33D1A964-3C51-4B21-93C9-7BB7251C1121}.Ad-Hoc|x86.ActiveCfg = Ad-Hoc|iPhone
		{33D1A964-3C51-4B21-93C9-7BB7251C1121}.Ad-Hoc|x86.Build.0 = Ad-Hoc|iPhone
		{33D1A964-3C51-4B21-93C9-7BB7251C1121}.Ad-Hoc|x86.Deploy.0 = Ad-Hoc|iPhone
		{33D1A964-3C51-4B21-93C9-7BB7251C1121}.AppStore|Any CPU.ActiveCfg = AppStore|iPhone
		{33D1A964-3C51-4B21-93C9-7BB7251C1121}.AppStore|Any CPU.Build.0 = AppStore|iPhone
		{33D1A964-3C51-4B21-93C9-7BB7251C1121}.AppStore|Any CPU.Deploy.0 = AppStore|iPhone
		{33D1A964-3C51-4B21-93C9-7BB7251C1121}.AppStore|ARM.ActiveCfg = AppStore|iPhone
		{33D1A964-3C51-4B21-93C9-7BB7251C1121}.AppStore|ARM.Build.0 = AppStore|iPhone
		{33D1A964-3C51-4B21-93C9-7BB7251C1121}.AppStore|ARM.Deploy.0 = AppStore|iPhone
		{33D1A964-3C51-4B21-93C9-7BB7251C1121}.AppStore|iPhone.ActiveCfg = AppStore|iPhone
		{33D1A964-3C51-4B21-93C9-7BB7251C1121}.AppStore|iPhone.Build.0 = AppStore|iPhone
		{33D1A964-3C51-4B21-93C9-7BB7251C1121}.AppStore|iPhone.Deploy.0 = AppStore|iPhone
		{33D1A964-3C51-4B21-93C9-7BB7251C1121}.AppStore|iPhoneSimulator.ActiveCfg = AppStore|iPhoneSimulator
		{33D1A964-3C51-4B21-93C9-7BB7251C1121}.AppStore|iPhoneSimulator.Build.0 = AppStore|iPhoneSimulator
		{33D1A964-3C51-4B21-93C9-7BB7251C1121}.AppStore|iPhoneSimulator.Deploy.0 = AppStore|iPhoneSimulator
		{33D1A964-3C51-4B21-93C9-7BB7251C1121}.AppStore|x64.ActiveCfg = AppStore|iPhone
		{33D1A964-3C51-4B21-93C9-7BB7251C1121}.AppStore|x64.Build.0 = AppStore|iPhone
		{33D1A964-3C51-4B21-93C9-7BB7251C1121}.AppStore|x64.Deploy.0 = AppStore|iPhone
		{33D1A964-3C51-4B21-93C9-7BB7251C1121}.AppStore|x86.ActiveCfg = AppStore|iPhone
		{33D1A964-3C51-4B21-93C9-7BB7251C1121}.AppStore|x86.Build.0 = AppStore|iPhone
		{33D1A964-3C51-4B21-93C9-7BB7251C1121}.AppStore|x86.Deploy.0 = AppStore|iPhone
		{33D1A964-3C51-4B21-93C9-7BB7251C1121}.Debug|Any CPU.ActiveCfg = Debug|iPhoneSimulator
		{33D1A964-3C51-4B21-93C9-7BB7251C1121}.Debug|Any CPU.Build.0 = Debug|iPhoneSimulator
		{33D1A964-3C51-4B21-93C9-7BB7251C1121}.Debug|Any CPU.Deploy.0 = Debug|iPhoneSimulator
		{33D1A964-3C51-4B21-93C9-7BB7251C1121}.Debug|ARM.ActiveCfg = Debug|iPhone
		{33D1A964-3C51-4B21-93C9-7BB7251C1121}.Debug|ARM.Build.0 = Debug|iPhone
		{33D1A964-3C51-4B21-93C9-7BB7251C1121}.Debug|ARM.Deploy.0 = Debug|iPhone
		{33D1A964-3C51-4B21-93C9-7BB7251C1121}.Debug|iPhone.ActiveCfg = Debug|iPhone
		{33D1A964-3C51-4B21-93C9-7BB7251C1121}.Debug|iPhone.Build.0 = Debug|iPhone
		{33D1A964-3C51-4B21-93C9-7BB7251C1121}.Debug|iPhone.Deploy.0 = Debug|iPhone
		{33D1A964-3C51-4B21-93C9-7BB7251C1121}.Debug|iPhoneSimulator.ActiveCfg = Debug|iPhoneSimulator
		{33D1A964-3C51-4B21-93C9-7BB7251C1121}.Debug|iPhoneSimulator.Build.0 = Debug|iPhoneSimulator
		{33D1A964-3C51-4B21-93C9-7BB7251C1121}.Debug|iPhoneSimulator.Deploy.0 = Debug|iPhoneSimulator
		{33D1A964-3C51-4B21-93C9-7BB7251C1121}.Debug|x64.ActiveCfg = Debug|iPhone
		{33D1A964-3C51-4B21-93C9-7BB7251C1121}.Debug|x64.Build.0 = Debug|iPhone
		{33D1A964-3C51-4B21-93C9-7BB7251C1121}.Debug|x64.Deploy.0 = Debug|iPhone
		{33D1A964-3C51-4B21-93C9-7BB7251C1121}.Debug|x86.ActiveCfg = Debug|iPhone
		{33D1A964-3C51-4B21-93C9-7BB7251C1121}.Debug|x86.Build.0 = Debug|iPhone
		{33D1A964-3C51-4B21-93C9-7BB7251C1121}.Debug|x86.Deploy.0 = Debug|iPhone
		{33D1A964-3C51-4B21-93C9-7BB7251C1121}.Release|Any CPU.ActiveCfg = Release|iPhone
		{33D1A964-3C51-4B21-93C9-7BB7251C1121}.Release|Any CPU.Build.0 = Release|iPhone
		{33D1A964-3C51-4B21-93C9-7BB7251C1121}.Release|Any CPU.Deploy.0 = Release|iPhone
		{33D1A964-3C51-4B21-93C9-7BB7251C1121}.Release|ARM.ActiveCfg = Release|iPhone
		{33D1A964-3C51-4B21-93C9-7BB7251C1121}.Release|ARM.Build.0 = Release|iPhone
		{33D1A964-3C51-4B21-93C9-7BB7251C1121}.Release|ARM.Deploy.0 = Release|iPhone
		{33D1A964-3C51-4B21-93C9-7BB7251C1121}.Release|iPhone.ActiveCfg = Release|iPhone
		{33D1A964-3C51-4B21-93C9-7BB7251C1121}.Release|iPhone.Build.0 = Release|iPhone
		{33D1A964-3C51-4B21-93C9-7BB7251C1121}.Release|iPhone.Deploy.0 = Release|iPhone
		{33D1A964-3C51-4B21-93C9-7BB7251C1121}.Release|iPhoneSimulator.ActiveCfg = Release|iPhoneSimulator
		{33D1A964-3C51-4B21-93C9-7BB7251C1121}.Release|iPhoneSimulator.Build.0 = Release|iPhoneSimulator
		{33D1A964-3C51-4B21-93C9-7BB7251C1121}.Release|iPhoneSimulator.Deploy.0 = Release|iPhoneSimulator
		{33D1A964-3C51-4B21-93C9-7BB7251C1121}.Release|x64.ActiveCfg = Release|iPhone
		{33D1A964-3C51-4B21-93C9-7BB7251C1121}.Release|x64.Build.0 = Release|iPhone
		{33D1A964-3C51-4B21-93C9-7BB7251C1121}.Release|x64.Deploy.0 = Release|iPhone
		{33D1A964-3C51-4B21-93C9-7BB7251C1121}.Release|x86.ActiveCfg = Release|iPhone
		{33D1A964-3C51-4B21-93C9-7BB7251C1121}.Release|x86.Build.0 = Release|iPhone
		{33D1A964-3C51-4B21-93C9-7BB7251C1121}.Release|x86.Deploy.0 = Release|iPhone
		{04F23907-BC83-4099-9270-7BA0279A672B}.Ad-Hoc|Any CPU.ActiveCfg = Release|x86
		{04F23907-BC83-4099-9270-7BA0279A672B}.Ad-Hoc|Any CPU.Build.0 = Release|x86
		{04F23907-BC83-4099-9270-7BA0279A672B}.Ad-Hoc|Any CPU.Deploy.0 = Release|x86
		{04F23907-BC83-4099-9270-7BA0279A672B}.Ad-Hoc|ARM.ActiveCfg = Release|ARM
		{04F23907-BC83-4099-9270-7BA0279A672B}.Ad-Hoc|ARM.Build.0 = Release|ARM
		{04F23907-BC83-4099-9270-7BA0279A672B}.Ad-Hoc|ARM.Deploy.0 = Release|ARM
		{04F23907-BC83-4099-9270-7BA0279A672B}.Ad-Hoc|iPhone.ActiveCfg = Release|x86
		{04F23907-BC83-4099-9270-7BA0279A672B}.Ad-Hoc|iPhone.Build.0 = Release|x86
		{04F23907-BC83-4099-9270-7BA0279A672B}.Ad-Hoc|iPhone.Deploy.0 = Release|x86
		{04F23907-BC83-4099-9270-7BA0279A672B}.Ad-Hoc|iPhoneSimulator.ActiveCfg = Release|x86
		{04F23907-BC83-4099-9270-7BA0279A672B}.Ad-Hoc|iPhoneSimulator.Build.0 = Release|x86
		{04F23907-BC83-4099-9270-7BA0279A672B}.Ad-Hoc|iPhoneSimulator.Deploy.0 = Release|x86
		{04F23907-BC83-4099-9270-7BA0279A672B}.Ad-Hoc|x64.ActiveCfg = Release|x64
		{04F23907-BC83-4099-9270-7BA0279A672B}.Ad-Hoc|x64.Build.0 = Release|x64
		{04F23907-BC83-4099-9270-7BA0279A672B}.Ad-Hoc|x64.Deploy.0 = Release|x64
		{04F23907-BC83-4099-9270-7BA0279A672B}.Ad-Hoc|x86.ActiveCfg = Release|x86
		{04F23907-BC83-4099-9270-7BA0279A672B}.Ad-Hoc|x86.Build.0 = Release|x86
		{04F23907-BC83-4099-9270-7BA0279A672B}.Ad-Hoc|x86.Deploy.0 = Release|x86
		{04F23907-BC83-4099-9270-7BA0279A672B}.AppStore|Any CPU.ActiveCfg = Release|x86
		{04F23907-BC83-4099-9270-7BA0279A672B}.AppStore|Any CPU.Build.0 = Release|x86
		{04F23907-BC83-4099-9270-7BA0279A672B}.AppStore|Any CPU.Deploy.0 = Release|x86
		{04F23907-BC83-4099-9270-7BA0279A672B}.AppStore|ARM.ActiveCfg = Release|ARM
		{04F23907-BC83-4099-9270-7BA0279A672B}.AppStore|ARM.Build.0 = Release|ARM
		{04F23907-BC83-4099-9270-7BA0279A672B}.AppStore|ARM.Deploy.0 = Release|ARM
		{04F23907-BC83-4099-9270-7BA0279A672B}.AppStore|iPhone.ActiveCfg = Release|x86
		{04F23907-BC83-4099-9270-7BA0279A672B}.AppStore|iPhone.Build.0 = Release|x86
		{04F23907-BC83-4099-9270-7BA0279A672B}.AppStore|iPhone.Deploy.0 = Release|x86
		{04F23907-BC83-4099-9270-7BA0279A672B}.AppStore|iPhoneSimulator.ActiveCfg = Release|x86
		{04F23907-BC83-4099-9270-7BA0279A672B}.AppStore|iPhoneSimulator.Build.0 = Release|x86
		{04F23907-BC83-4099-9270-7BA0279A672B}.AppStore|iPhoneSimulator.Deploy.0 = Release|x86
		{04F23907-BC83-4099-9270-7BA0279A672B}.AppStore|x64.ActiveCfg = Release|x64
		{04F23907-BC83-4099-9270-7BA0279A672B}.AppStore|x64.Build.0 = Release|x64
		{04F23907-BC83-4099-9270-7BA0279A672B}.AppStore|x64.Deploy.0 = Release|x64
		{04F23907-BC83-4099-9270-7BA0279A672B}.AppStore|x86.ActiveCfg = Release|x86
		{04F23907-BC83-4099-9270-7BA0279A672B}.AppStore|x86.Build.0 = Release|x86
		{04F23907-BC83-4099-9270-7BA0279A672B}.AppStore|x86.Deploy.0 = Release|x86
		{04F23907-BC83-4099-9270-7BA0279A672B}.Debug|Any CPU.ActiveCfg = Debug|x86
		{04F23907-BC83-4099-9270-7BA0279A672B}.Debug|Any CPU.Build.0 = Debug|x86
		{04F23907-BC83-4099-9270-7BA0279A672B}.Debug|Any CPU.Deploy.0 = Debug|x86
		{04F23907-BC83-4099-9270-7BA0279A672B}.Debug|ARM.ActiveCfg = Debug|ARM
		{04F23907-BC83-4099-9270-7BA0279A672B}.Debug|ARM.Build.0 = Debug|ARM
		{04F23907-BC83-4099-9270-7BA0279A672B}.Debug|ARM.Deploy.0 = Debug|ARM
		{04F23907-BC83-4099-9270-7BA0279A672B}.Debug|iPhone.ActiveCfg = Debug|x86
		{04F23907-BC83-4099-9270-7BA0279A672B}.Debug|iPhone.Build.0 = Debug|x86
		{04F23907-BC83-4099-9270-7BA0279A672B}.Debug|iPhone.Deploy.0 = Debug|x86
		{04F23907-BC83-4099-9270-7BA0279A672B}.Debug|iPhoneSimulator.ActiveCfg = Debug|x86
		{04F23907-BC83-4099-9270-7BA0279A672B}.Debug|iPhoneSimulator.Build.0 = Debug|x86
		{04F23907-BC83-4099-9270-7BA0279A672B}.Debug|iPhoneSimulator.Deploy.0 = Debug|x86
		{04F23907-BC83-4099-9270-7BA0279A672B}.Debug|x64.ActiveCfg = Debug|x64
		{04F23907-BC83-4099-9270-7BA0279A672B}.Debug|x64.Build.0 = Debug|x64
		{04F23907-BC83-4099-9270-7BA0279A672B}.Debug|x64.Deploy.0 = Debug|x64
		{04F23907-BC83-4099-9270-7BA0279A672B}.Debug|x86.ActiveCfg = Debug|x86
		{04F23907-BC83-4099-9270-7BA0279A672B}.Debug|x86.Build.0 = Debug|x86
		{04F23907-BC83-4099-9270-7BA0279A672B}.Debug|x86.Deploy.0 = Debug|x86
		{04F23907-BC83-4099-9270-7BA0279A672B}.Release|Any CPU.ActiveCfg = Release|x86
		{04F23907-BC83-4099-9270-7BA0279A672B}.Release|Any CPU.Build.0 = Release|x86
		{04F23907-BC83-4099-9270-7BA0279A672B}.Release|Any CPU.Deploy.0 = Release|x86
		{04F23907-BC83-4099-9270-7BA0279A672B}.Release|ARM.ActiveCfg = Release|ARM
		{04F23907-BC83-4099-9270-7BA0279A672B}.Release|ARM.Build.0 = Release|ARM
		{04F23907-BC83-4099-9270-7BA0279A672B}.Release|ARM.Deploy.0 = Release|ARM
		{04F23907-BC83-4099-9270-7BA0279A672B}.Release|iPhone.ActiveCfg = Release|x86
		{04F23907-BC83-4099-9270-7BA0279A672B}.Release|iPhone.Build.0 = Release|x86
		{04F23907-BC83-4099-9270-7BA0279A672B}.Release|iPhone.Deploy.0 = Release|x86
		{04F23907-BC83-4099-9270-7BA0279A672B}.Release|iPhoneSimulator.ActiveCfg = Release|x86
		{04F23907-BC83-4099-9270-7BA0279A672B}.Release|iPhoneSimulator.Build.0 = Release|x86
		{04F23907-BC83-4099-9270-7BA0279A672B}.Release|iPhoneSimulator.Deploy.0 = Release|x86
		{04F23907-BC83-4099-9270-7BA0279A672B}.Release|x64.ActiveCfg = Release|x64
		{04F23907-BC83-4099-9270-7BA0279A672B}.Release|x64.Build.0 = Release|x64
		{04F23907-BC83-4099-9270-7BA0279A672B}.Release|x64.Deploy.0 = Release|x64
		{04F23907-BC83-4099-9270-7BA0279A672B}.Release|x86.ActiveCfg = Release|x86
		{04F23907-BC83-4099-9270-7BA0279A672B}.Release|x86.Build.0 = Release|x86
		{04F23907-BC83-4099-9270-7BA0279A672B}.Release|x86.Deploy.0 = Release|x86
		{B02F5FDF-BC0C-4ECA-B66D-E47FD19E9B06}.Ad-Hoc|Any CPU.ActiveCfg = Debug|Any CPU
		{B02F5FDF-BC0C-4ECA-B66D-E47FD19E9B06}.Ad-Hoc|Any CPU.Build.0 = Debug|Any CPU
		{B02F5FDF-BC0C-4ECA-B66D-E47FD19E9B06}.Ad-Hoc|Any CPU.Deploy.0 = Debug|Any CPU
		{B02F5FDF-BC0C-4ECA-B66D-E47FD19E9B06}.Ad-Hoc|ARM.ActiveCfg = Debug|Any CPU
		{B02F5FDF-BC0C-4ECA-B66D-E47FD19E9B06}.Ad-Hoc|ARM.Build.0 = Debug|Any CPU
		{B02F5FDF-BC0C-4ECA-B66D-E47FD19E9B06}.Ad-Hoc|ARM.Deploy.0 = Debug|Any CPU
		{B02F5FDF-BC0C-4ECA-B66D-E47FD19E9B06}.Ad-Hoc|iPhone.ActiveCfg = Debug|Any CPU
		{B02F5FDF-BC0C-4ECA-B66D-E47FD19E9B06}.Ad-Hoc|iPhone.Build.0 = Debug|Any CPU
		{B02F5FDF-BC0C-4ECA-B66D-E47FD19E9B06}.Ad-Hoc|iPhone.Deploy.0 = Debug|Any CPU
		{B02F5FDF-BC0C-4ECA-B66D-E47FD19E9B06}.Ad-Hoc|iPhoneSimulator.ActiveCfg = Debug|Any CPU
		{B02F5FDF-BC0C-4ECA-B66D-E47FD19E9B06}.Ad-Hoc|iPhoneSimulator.Build.0 = Debug|Any CPU
		{B02F5FDF-BC0C-4ECA-B66D-E47FD19E9B06}.Ad-Hoc|iPhoneSimulator.Deploy.0 = Debug|Any CPU
		{B02F5FDF-BC0C-4ECA-B66D-E47FD19E9B06}.Ad-Hoc|x64.ActiveCfg = Debug|Any CPU
		{B02F5FDF-BC0C-4ECA-B66D-E47FD19E9B06}.Ad-Hoc|x64.Build.0 = Debug|Any CPU
		{B02F5FDF-BC0C-4ECA-B66D-E47FD19E9B06}.Ad-Hoc|x64.Deploy.0 = Debug|Any CPU
		{B02F5FDF-BC0C-4ECA-B66D-E47FD19E9B06}.Ad-Hoc|x86.ActiveCfg = Debug|Any CPU
		{B02F5FDF-BC0C-4ECA-B66D-E47FD19E9B06}.Ad-Hoc|x86.Build.0 = Debug|Any CPU
		{B02F5FDF-BC0C-4ECA-B66D-E47FD19E9B06}.Ad-Hoc|x86.Deploy.0 = Debug|Any CPU
		{B02F5FDF-BC0C-4ECA-B66D-E47FD19E9B06}.AppStore|Any CPU.ActiveCfg = Debug|Any CPU
		{B02F5FDF-BC0C-4ECA-B66D-E47FD19E9B06}.AppStore|Any CPU.Build.0 = Debug|Any CPU
		{B02F5FDF-BC0C-4ECA-B66D-E47FD19E9B06}.AppStore|Any CPU.Deploy.0 = Debug|Any CPU
		{B02F5FDF-BC0C-4ECA-B66D-E47FD19E9B06}.AppStore|ARM.ActiveCfg = Debug|Any CPU
		{B02F5FDF-BC0C-4ECA-B66D-E47FD19E9B06}.AppStore|ARM.Build.0 = Debug|Any CPU
		{B02F5FDF-BC0C-4ECA-B66D-E47FD19E9B06}.AppStore|ARM.Deploy.0 = Debug|Any CPU
		{B02F5FDF-BC0C-4ECA-B66D-E47FD19E9B06}.AppStore|iPhone.ActiveCfg = Debug|Any CPU
		{B02F5FDF-BC0C-4ECA-B66D-E47FD19E9B06}.AppStore|iPhone.Build.0 = Debug|Any CPU
		{B02F5FDF-BC0C-4ECA-B66D-E47FD19E9B06}.AppStore|iPhone.Deploy.0 = Debug|Any CPU
		{B02F5FDF-BC0C-4ECA-B66D-E47FD19E9B06}.AppStore|iPhoneSimulator.ActiveCfg = Debug|Any CPU
		{B02F5FDF-BC0C-4ECA-B66D-E47FD19E9B06}.AppStore|iPhoneSimulator.Build.0 = Debug|Any CPU
		{B02F5FDF-BC0C-4ECA-B66D-E47FD19E9B06}.AppStore|iPhoneSimulator.Deploy.0 = Debug|Any CPU
		{B02F5FDF-BC0C-4ECA-B66D-E47FD19E9B06}.AppStore|x64.ActiveCfg = Debug|Any CPU
		{B02F5FDF-BC0C-4ECA-B66D-E47FD19E9B06}.AppStore|x64.Build.0 = Debug|Any CPU
		{B02F5FDF-BC0C-4ECA-B66D-E47FD19E9B06}.AppStore|x64.Deploy.0 = Debug|Any CPU
		{B02F5FDF-BC0C-4ECA-B66D-E47FD19E9B06}.AppStore|x86.ActiveCfg = Debug|Any CPU
		{B02F5FDF-BC0C-4ECA-B66D-E47FD19E9B06}.AppStore|x86.Build.0 = Debug|Any CPU
		{B02F5FDF-BC0C-4ECA-B66D-E47FD19E9B06}.AppStore|x86.Deploy.0 = Debug|Any CPU
		{B02F5FDF-BC0C-4ECA-B66D-E47FD19E9B06}.Debug|Any CPU.ActiveCfg = Debug|Any CPU
		{B02F5FDF-BC0C-4ECA-B66D-E47FD19E9B06}.Debug|Any CPU.Build.0 = Debug|Any CPU
		{B02F5FDF-BC0C-4ECA-B66D-E47FD19E9B06}.Debug|Any CPU.Deploy.0 = Debug|Any CPU
		{B02F5FDF-BC0C-4ECA-B66D-E47FD19E9B06}.Debug|ARM.ActiveCfg = Debug|Any CPU
		{B02F5FDF-BC0C-4ECA-B66D-E47FD19E9B06}.Debug|ARM.Build.0 = Debug|Any CPU
		{B02F5FDF-BC0C-4ECA-B66D-E47FD19E9B06}.Debug|ARM.Deploy.0 = Debug|Any CPU
		{B02F5FDF-BC0C-4ECA-B66D-E47FD19E9B06}.Debug|iPhone.ActiveCfg = Debug|Any CPU
		{B02F5FDF-BC0C-4ECA-B66D-E47FD19E9B06}.Debug|iPhone.Build.0 = Debug|Any CPU
		{B02F5FDF-BC0C-4ECA-B66D-E47FD19E9B06}.Debug|iPhone.Deploy.0 = Debug|Any CPU
		{B02F5FDF-BC0C-4ECA-B66D-E47FD19E9B06}.Debug|iPhoneSimulator.ActiveCfg = Debug|Any CPU
		{B02F5FDF-BC0C-4ECA-B66D-E47FD19E9B06}.Debug|iPhoneSimulator.Build.0 = Debug|Any CPU
		{B02F5FDF-BC0C-4ECA-B66D-E47FD19E9B06}.Debug|iPhoneSimulator.Deploy.0 = Debug|Any CPU
		{B02F5FDF-BC0C-4ECA-B66D-E47FD19E9B06}.Debug|x64.ActiveCfg = Debug|Any CPU
		{B02F5FDF-BC0C-4ECA-B66D-E47FD19E9B06}.Debug|x64.Build.0 = Debug|Any CPU
		{B02F5FDF-BC0C-4ECA-B66D-E47FD19E9B06}.Debug|x64.Deploy.0 = Debug|Any CPU
		{B02F5FDF-BC0C-4ECA-B66D-E47FD19E9B06}.Debug|x86.ActiveCfg = Debug|Any CPU
		{B02F5FDF-BC0C-4ECA-B66D-E47FD19E9B06}.Debug|x86.Build.0 = Debug|Any CPU
		{B02F5FDF-BC0C-4ECA-B66D-E47FD19E9B06}.Debug|x86.Deploy.0 = Debug|Any CPU
		{B02F5FDF-BC0C-4ECA-B66D-E47FD19E9B06}.Release|Any CPU.ActiveCfg = Release|Any CPU
		{B02F5FDF-BC0C-4ECA-B66D-E47FD19E9B06}.Release|Any CPU.Build.0 = Release|Any CPU
		{B02F5FDF-BC0C-4ECA-B66D-E47FD19E9B06}.Release|Any CPU.Deploy.0 = Release|Any CPU
		{B02F5FDF-BC0C-4ECA-B66D-E47FD19E9B06}.Release|ARM.ActiveCfg = Release|Any CPU
		{B02F5FDF-BC0C-4ECA-B66D-E47FD19E9B06}.Release|ARM.Build.0 = Release|Any CPU
		{B02F5FDF-BC0C-4ECA-B66D-E47FD19E9B06}.Release|ARM.Deploy.0 = Release|Any CPU
		{B02F5FDF-BC0C-4ECA-B66D-E47FD19E9B06}.Release|iPhone.ActiveCfg = Release|Any CPU
		{B02F5FDF-BC0C-4ECA-B66D-E47FD19E9B06}.Release|iPhone.Build.0 = Release|Any CPU
		{B02F5FDF-BC0C-4ECA-B66D-E47FD19E9B06}.Release|iPhone.Deploy.0 = Release|Any CPU
		{B02F5FDF-BC0C-4ECA-B66D-E47FD19E9B06}.Release|iPhoneSimulator.ActiveCfg = Release|Any CPU
		{B02F5FDF-BC0C-4ECA-B66D-E47FD19E9B06}.Release|iPhoneSimulator.Build.0 = Release|Any CPU
		{B02F5FDF-BC0C-4ECA-B66D-E47FD19E9B06}.Release|iPhoneSimulator.Deploy.0 = Release|Any CPU
		{B02F5FDF-BC0C-4ECA-B66D-E47FD19E9B06}.Release|x64.ActiveCfg = Release|Any CPU
		{B02F5FDF-BC0C-4ECA-B66D-E47FD19E9B06}.Release|x64.Build.0 = Release|Any CPU
		{B02F5FDF-BC0C-4ECA-B66D-E47FD19E9B06}.Release|x64.Deploy.0 = Release|Any CPU
		{B02F5FDF-BC0C-4ECA-B66D-E47FD19E9B06}.Release|x86.ActiveCfg = Release|Any CPU
		{B02F5FDF-BC0C-4ECA-B66D-E47FD19E9B06}.Release|x86.Build.0 = Release|Any CPU
		{B02F5FDF-BC0C-4ECA-B66D-E47FD19E9B06}.Release|x86.Deploy.0 = Release|Any CPU
	EndGlobalSection
	GlobalSection(SolutionProperties) = preSolution
		HideSolutionNode = FALSE
	EndGlobalSection
	GlobalSection(ExtensibilityGlobals) = postSolution
		SolutionGuid = {A3C48C30-4490-437A-A886-2FE5D23E5417}
	EndGlobalSection
EndGlobal
